
Microsoft Visual Studio Solution File, Format Version 12.00
# Visual Studio Version 17
VisualStudioVersion = 17.0.31903.59
MinimumVisualStudioVersion = 10.0.40219.1
Project("{2150E333-8FDC-42A3-9474-1A3956D46DE8}") = "src", "src", "{1AD5ED4B-AC02-4E4D-9258-2ED89FF9664F}"
EndProject
Project("{FAE04EC0-301F-11D3-BF4B-00C04F79EFBC}") = "WebApplication", "src\WebApplication\WebApplication.csproj", "{9DDA8793-D33D-479F-ACF7-A8A841DB5156}"
EndProject
Global
	GlobalSection(SolutionConfigurationPlatforms) = preSolution
		Debug|Any CPU = Debug|Any CPU
		Release|Any CPU = Release|Any CPU
	EndGlobalSection
	GlobalSection(ProjectConfigurationPlatforms) = postSolution
		{9DDA8793-D33D-479F-ACF7-A8A841DB5156}.Debug|Any CPU.ActiveCfg = Debug|Any CPU
		{9DDA8793-D33D-479F-ACF7-A8A841DB5156}.Debug|Any CPU.Build.0 = Debug|Any CPU
		{9DDA8793-D33D-479F-ACF7-A8A841DB5156}.Release|Any CPU.ActiveCfg = Release|Any CPU
		{9DDA8793-D33D-479F-ACF7-A8A841DB5156}.Release|Any CPU.Build.0 = Release|Any CPU
	EndGlobalSection
	GlobalSection(SolutionProperties) = preSolution
		HideSolutionNode = FALSE
	EndGlobalSection
	GlobalSection(NestedProjects) = preSolution
		{9DDA8793-D33D-479F-ACF7-A8A841DB5156} = {1AD5ED4B-AC02-4E4D-9258-2ED89FF9664F}
	EndGlobalSection
	GlobalSection(ExtensibilityGlobals) = postSolution
		SolutionGuid = {5DA32A49-90CC-4BF1-AC78-9CE6BEC4308C}
	EndGlobalSection
EndGlobal
